// !$*UTF8*$!
{
	archiveVersion = 1;
	classes = {
	};
	objectVersion = 48;
	objects = {

/* Begin PBXBuildFile section */
		200BAFA8225A5AA8008291CD /* CreateTopicViewController.swift in Sources */ = {isa = PBXBuildFile; fileRef = 200BAFA7225A5AA8008291CD /* CreateTopicViewController.swift */; };
		200BAFAA225A6574008291CD /* CreateMessageViewController.swift in Sources */ = {isa = PBXBuildFile; fileRef = 200BAFA9225A6574008291CD /* CreateMessageViewController.swift */; };
		200BAFAC225A786D008291CD /* EditMessageViewController.swift in Sources */ = {isa = PBXBuildFile; fileRef = 200BAFAB225A786D008291CD /* EditMessageViewController.swift */; };
		20DBCE81225915A0006DD689 /* MessageTableViewCell.swift in Sources */ = {isa = PBXBuildFile; fileRef = 20DBCE80225915A0006DD689 /* MessageTableViewCell.swift */; };
		20DBCE8322592BC7006DD689 /* ResponseViewController.swift in Sources */ = {isa = PBXBuildFile; fileRef = 20DBCE8222592BC7006DD689 /* ResponseViewController.swift */; };
		20DBCE8522592C03006DD689 /* ResponseModel.swift in Sources */ = {isa = PBXBuildFile; fileRef = 20DBCE8422592C03006DD689 /* ResponseModel.swift */; };
		20DBCE87225933F9006DD689 /* ResponseTableViewCell.swift in Sources */ = {isa = PBXBuildFile; fileRef = 20DBCE86225933F9006DD689 /* ResponseTableViewCell.swift */; };
		20EBF7BB2258D08D00700E0B /* AppDelegate.swift in Sources */ = {isa = PBXBuildFile; fileRef = 20EBF7BA2258D08D00700E0B /* AppDelegate.swift */; };
		20EBF7BD2258D08D00700E0B /* StartViewController.swift in Sources */ = {isa = PBXBuildFile; fileRef = 20EBF7BC2258D08D00700E0B /* StartViewController.swift */; };
		20EBF7C02258D08D00700E0B /* Main.storyboard in Resources */ = {isa = PBXBuildFile; fileRef = 20EBF7BE2258D08D00700E0B /* Main.storyboard */; };
		20EBF7C22258D08D00700E0B /* Assets.xcassets in Resources */ = {isa = PBXBuildFile; fileRef = 20EBF7C12258D08D00700E0B /* Assets.xcassets */; };
		20EBF7C52258D08D00700E0B /* LaunchScreen.storyboard in Resources */ = {isa = PBXBuildFile; fileRef = 20EBF7C32258D08D00700E0B /* LaunchScreen.storyboard */; };
		20EBF7CD2258D66500700E0B /* LogInViewController.swift in Sources */ = {isa = PBXBuildFile; fileRef = 20EBF7CC2258D66500700E0B /* LogInViewController.swift */; };
		20EBF7CF2258D6D700700E0B /* MessagesViewController.swift in Sources */ = {isa = PBXBuildFile; fileRef = 20EBF7CE2258D6D700700E0B /* MessagesViewController.swift */; };
		20EBF7D12258D6E200700E0B /* TopicsViewController.swift in Sources */ = {isa = PBXBuildFile; fileRef = 20EBF7D02258D6E200700E0B /* TopicsViewController.swift */; };
		20EBF7D32258D8DE00700E0B /* TopicsTableViewCell.swift in Sources */ = {isa = PBXBuildFile; fileRef = 20EBF7D22258D8DE00700E0B /* TopicsTableViewCell.swift */; };
		20EBF7D52258D90800700E0B /* TopicsModel.swift in Sources */ = {isa = PBXBuildFile; fileRef = 20EBF7D42258D90800700E0B /* TopicsModel.swift */; };
		20EBF7D72258D92100700E0B /* MessagesModel.swift in Sources */ = {isa = PBXBuildFile; fileRef = 20EBF7D62258D92100700E0B /* MessagesModel.swift */; };
		20EBF7D92258D93C00700E0B /* Constants.swift in Sources */ = {isa = PBXBuildFile; fileRef = 20EBF7D82258D93C00700E0B /* Constants.swift */; };
		20EBF7DB2258D99B00700E0B /* APIService.swift in Sources */ = {isa = PBXBuildFile; fileRef = 20EBF7DA2258D99B00700E0B /* APIService.swift */; };
/* End PBXBuildFile section */

/* Begin PBXFileReference section */
		200BAFA7225A5AA8008291CD /* CreateTopicViewController.swift */ = {isa = PBXFileReference; lastKnownFileType = sourcecode.swift; path = CreateTopicViewController.swift; sourceTree = "<group>"; };
		200BAFA9225A6574008291CD /* CreateMessageViewController.swift */ = {isa = PBXFileReference; lastKnownFileType = sourcecode.swift; path = CreateMessageViewController.swift; sourceTree = "<group>"; };
		200BAFAB225A786D008291CD /* EditMessageViewController.swift */ = {isa = PBXFileReference; lastKnownFileType = sourcecode.swift; path = EditMessageViewController.swift; sourceTree = "<group>"; };
		20DBCE80225915A0006DD689 /* MessageTableViewCell.swift */ = {isa = PBXFileReference; lastKnownFileType = sourcecode.swift; path = MessageTableViewCell.swift; sourceTree = "<group>"; };
		20DBCE8222592BC7006DD689 /* ResponseViewController.swift */ = {isa = PBXFileReference; lastKnownFileType = sourcecode.swift; path = ResponseViewController.swift; sourceTree = "<group>"; };
		20DBCE8422592C03006DD689 /* ResponseModel.swift */ = {isa = PBXFileReference; lastKnownFileType = sourcecode.swift; path = ResponseModel.swift; sourceTree = "<group>"; };
		20DBCE86225933F9006DD689 /* ResponseTableViewCell.swift */ = {isa = PBXFileReference; lastKnownFileType = sourcecode.swift; path = ResponseTableViewCell.swift; sourceTree = "<group>"; };
		20EBF7B72258D08D00700E0B /* Rush00.app */ = {isa = PBXFileReference; explicitFileType = wrapper.application; includeInIndex = 0; path = Rush00.app; sourceTree = BUILT_PRODUCTS_DIR; };
		20EBF7BA2258D08D00700E0B /* AppDelegate.swift */ = {isa = PBXFileReference; lastKnownFileType = sourcecode.swift; path = AppDelegate.swift; sourceTree = "<group>"; };
		20EBF7BC2258D08D00700E0B /* StartViewController.swift */ = {isa = PBXFileReference; lastKnownFileType = sourcecode.swift; path = StartViewController.swift; sourceTree = "<group>"; };
		20EBF7BF2258D08D00700E0B /* Base */ = {isa = PBXFileReference; lastKnownFileType = file.storyboard; name = Base; path = Base.lproj/Main.storyboard; sourceTree = "<group>"; };
		20EBF7C12258D08D00700E0B /* Assets.xcassets */ = {isa = PBXFileReference; lastKnownFileType = folder.assetcatalog; path = Assets.xcassets; sourceTree = "<group>"; };
		20EBF7C42258D08D00700E0B /* Base */ = {isa = PBXFileReference; lastKnownFileType = file.storyboard; name = Base; path = Base.lproj/LaunchScreen.storyboard; sourceTree = "<group>"; };
		20EBF7C62258D08D00700E0B /* Info.plist */ = {isa = PBXFileReference; lastKnownFileType = text.plist.xml; path = Info.plist; sourceTree = "<group>"; };
		20EBF7CC2258D66500700E0B /* LogInViewController.swift */ = {isa = PBXFileReference; lastKnownFileType = sourcecode.swift; path = LogInViewController.swift; sourceTree = "<group>"; };
		20EBF7CE2258D6D700700E0B /* MessagesViewController.swift */ = {isa = PBXFileReference; lastKnownFileType = sourcecode.swift; path = MessagesViewController.swift; sourceTree = "<group>"; };
		20EBF7D02258D6E200700E0B /* TopicsViewController.swift */ = {isa = PBXFileReference; lastKnownFileType = sourcecode.swift; path = TopicsViewController.swift; sourceTree = "<group>"; };
		20EBF7D22258D8DE00700E0B /* TopicsTableViewCell.swift */ = {isa = PBXFileReference; lastKnownFileType = sourcecode.swift; path = TopicsTableViewCell.swift; sourceTree = "<group>"; };
		20EBF7D42258D90800700E0B /* TopicsModel.swift */ = {isa = PBXFileReference; lastKnownFileType = sourcecode.swift; path = TopicsModel.swift; sourceTree = "<group>"; };
		20EBF7D62258D92100700E0B /* MessagesModel.swift */ = {isa = PBXFileReference; lastKnownFileType = sourcecode.swift; path = MessagesModel.swift; sourceTree = "<group>"; };
		20EBF7D82258D93C00700E0B /* Constants.swift */ = {isa = PBXFileReference; lastKnownFileType = sourcecode.swift; path = Constants.swift; sourceTree = "<group>"; };
		20EBF7DA2258D99B00700E0B /* APIService.swift */ = {isa = PBXFileReference; lastKnownFileType = sourcecode.swift; path = APIService.swift; sourceTree = "<group>"; };
/* End PBXFileReference section */

/* Begin PBXFrameworksBuildPhase section */
		20EBF7B42258D08D00700E0B /* Frameworks */ = {
			isa = PBXFrameworksBuildPhase;
			buildActionMask = 2147483647;
			files = (
			);
			runOnlyForDeploymentPostprocessing = 0;
		};
/* End PBXFrameworksBuildPhase section */

/* Begin PBXGroup section */
		20EBF7AE2258D08D00700E0B = {
			isa = PBXGroup;
			children = (
				20EBF7B92258D08D00700E0B /* Rush00 */,
				20EBF7B82258D08D00700E0B /* Products */,
			);
			sourceTree = "<group>";
		};
		20EBF7B82258D08D00700E0B /* Products */ = {
			isa = PBXGroup;
			children = (
				20EBF7B72258D08D00700E0B /* Rush00.app */,
			);
			name = Products;
			sourceTree = "<group>";
		};
		20EBF7B92258D08D00700E0B /* Rush00 */ = {
			isa = PBXGroup;
			children = (
				20EBF7BA2258D08D00700E0B /* AppDelegate.swift */,
				20EBF7BC2258D08D00700E0B /* StartViewController.swift */,
				20EBF7BE2258D08D00700E0B /* Main.storyboard */,
				20EBF7C12258D08D00700E0B /* Assets.xcassets */,
				20EBF7C32258D08D00700E0B /* LaunchScreen.storyboard */,
				20EBF7C62258D08D00700E0B /* Info.plist */,
				20EBF7CC2258D66500700E0B /* LogInViewController.swift */,
				20EBF7CE2258D6D700700E0B /* MessagesViewController.swift */,
				20EBF7D02258D6E200700E0B /* TopicsViewController.swift */,
				20EBF7D22258D8DE00700E0B /* TopicsTableViewCell.swift */,
				20EBF7D42258D90800700E0B /* TopicsModel.swift */,
				20EBF7D62258D92100700E0B /* MessagesModel.swift */,
				20EBF7D82258D93C00700E0B /* Constants.swift */,
				20EBF7DA2258D99B00700E0B /* APIService.swift */,
				20DBCE80225915A0006DD689 /* MessageTableViewCell.swift */,
				20DBCE8222592BC7006DD689 /* ResponseViewController.swift */,
				20DBCE8422592C03006DD689 /* ResponseModel.swift */,
				20DBCE86225933F9006DD689 /* ResponseTableViewCell.swift */,
				200BAFA7225A5AA8008291CD /* CreateTopicViewController.swift */,
				200BAFA9225A6574008291CD /* CreateMessageViewController.swift */,
				200BAFAB225A786D008291CD /* EditMessageViewController.swift */,
			);
			path = Rush00;
			sourceTree = "<group>";
		};
/* End PBXGroup section */

/* Begin PBXNativeTarget section */
		20EBF7B62258D08D00700E0B /* Rush00 */ = {
			isa = PBXNativeTarget;
			buildConfigurationList = 20EBF7C92258D08D00700E0B /* Build configuration list for PBXNativeTarget "Rush00" */;
			buildPhases = (
				20EBF7B32258D08D00700E0B /* Sources */,
				20EBF7B42258D08D00700E0B /* Frameworks */,
				20EBF7B52258D08D00700E0B /* Resources */,
			);
			buildRules = (
			);
			dependencies = (
			);
			name = Rush00;
			productName = Rush00;
			productReference = 20EBF7B72258D08D00700E0B /* Rush00.app */;
			productType = "com.apple.product-type.application";
		};
/* End PBXNativeTarget section */

/* Begin PBXProject section */
		20EBF7AF2258D08D00700E0B /* Project object */ = {
			isa = PBXProject;
			attributes = {
				LastSwiftUpdateCheck = 0920;
				LastUpgradeCheck = 0920;
				ORGANIZATIONNAME = "Anastasiia VEREMIICHYK";
				TargetAttributes = {
					20EBF7B62258D08D00700E0B = {
						CreatedOnToolsVersion = 9.2;
						ProvisioningStyle = Automatic;
					};
				};
			};
			buildConfigurationList = 20EBF7B22258D08D00700E0B /* Build configuration list for PBXProject "Rush00" */;
			compatibilityVersion = "Xcode 8.0";
			developmentRegion = en;
			hasScannedForEncodings = 0;
			knownRegions = (
				en,
				Base,
			);
			mainGroup = 20EBF7AE2258D08D00700E0B;
			productRefGroup = 20EBF7B82258D08D00700E0B /* Products */;
			projectDirPath = "";
			projectRoot = "";
			targets = (
				20EBF7B62258D08D00700E0B /* Rush00 */,
			);
		};
/* End PBXProject section */

/* Begin PBXResourcesBuildPhase section */
		20EBF7B52258D08D00700E0B /* Resources */ = {
			isa = PBXResourcesBuildPhase;
			buildActionMask = 2147483647;
			files = (
				20EBF7C52258D08D00700E0B /* LaunchScreen.storyboard in Resources */,
				20EBF7C22258D08D00700E0B /* Assets.xcassets in Resources */,
				20EBF7C02258D08D00700E0B /* Main.storyboard in Resources */,
			);
			runOnlyForDeploymentPostprocessing = 0;
		};
/* End PBXResourcesBuildPhase section */

/* Begin PBXSourcesBuildPhase section */
		20EBF7B32258D08D00700E0B /* Sources */ = {
			isa = PBXSourcesBuildPhase;
			buildActionMask = 2147483647;
			files = (
				20EBF7BD2258D08D00700E0B /* StartViewController.swift in Sources */,
				200BAFA8225A5AA8008291CD /* CreateTopicViewController.swift in Sources */,
				20EBF7BB2258D08D00700E0B /* AppDelegate.swift in Sources */,
				20EBF7CF2258D6D700700E0B /* MessagesViewController.swift in Sources */,
				20DBCE8522592C03006DD689 /* ResponseModel.swift in Sources */,
				20EBF7D32258D8DE00700E0B /* TopicsTableViewCell.swift in Sources */,
				20DBCE81225915A0006DD689 /* MessageTableViewCell.swift in Sources */,
				20EBF7D52258D90800700E0B /* TopicsModel.swift in Sources */,
				20EBF7D12258D6E200700E0B /* TopicsViewController.swift in Sources */,
				20EBF7DB2258D99B00700E0B /* APIService.swift in Sources */,
				20DBCE87225933F9006DD689 /* ResponseTableViewCell.swift in Sources */,
				20DBCE8322592BC7006DD689 /* ResponseViewController.swift in Sources */,
				200BAFAC225A786D008291CD /* EditMessageViewController.swift in Sources */,
				200BAFAA225A6574008291CD /* CreateMessageViewController.swift in Sources */,
				20EBF7CD2258D66500700E0B /* LogInViewController.swift in Sources */,
				20EBF7D72258D92100700E0B /* MessagesModel.swift in Sources */,
				20EBF7D92258D93C00700E0B /* Constants.swift in Sources */,
			);
			runOnlyForDeploymentPostprocessing = 0;
		};
/* End PBXSourcesBuildPhase section */

/* Begin PBXVariantGroup section */
		20EBF7BE2258D08D00700E0B /* Main.storyboard */ = {
			isa = PBXVariantGroup;
			children = (
				20EBF7BF2258D08D00700E0B /* Base */,
			);
			name = Main.storyboard;
			sourceTree = "<group>";
		};
		20EBF7C32258D08D00700E0B /* LaunchScreen.storyboard */ = {
			isa = PBXVariantGroup;
			children = (
				20EBF7C42258D08D00700E0B /* Base */,
			);
			name = LaunchScreen.storyboard;
			sourceTree = "<group>";
		};
/* End PBXVariantGroup section */

/* Begin XCBuildConfiguration section */
		20EBF7C72258D08D00700E0B /* Debug */ = {
			isa = XCBuildConfiguration;
			buildSettings = {
				ALWAYS_SEARCH_USER_PATHS = NO;
				CLANG_ANALYZER_NONNULL = YES;
				CLANG_ANALYZER_NUMBER_OBJECT_CONVERSION = YES_AGGRESSIVE;
				CLANG_CXX_LANGUAGE_STANDARD = "gnu++14";
				CLANG_CXX_LIBRARY = "libc++";
				CLANG_ENABLE_MODULES = YES;
				CLANG_ENABLE_OBJC_ARC = YES;
				CLANG_WARN_BLOCK_CAPTURE_AUTORELEASING = YES;
				CLANG_WARN_BOOL_CONVERSION = YES;
				CLANG_WARN_COMMA = YES;
				CLANG_WARN_CONSTANT_CONVERSION = YES;
				CLANG_WARN_DIRECT_OBJC_ISA_USAGE = YES_ERROR;
				CLANG_WARN_DOCUMENTATION_COMMENTS = YES;
				CLANG_WARN_EMPTY_BODY = YES;
				CLANG_WARN_ENUM_CONVERSION = YES;
				CLANG_WARN_INFINITE_RECURSION = YES;
				CLANG_WARN_INT_CONVERSION = YES;
				CLANG_WARN_NON_LITERAL_NULL_CONVERSION = YES;
				CLANG_WARN_OBJC_LITERAL_CONVERSION = YES;
				CLANG_WARN_OBJC_ROOT_CLASS = YES_ERROR;
				CLANG_WARN_RANGE_LOOP_ANALYSIS = YES;
				CLANG_WARN_STRICT_PROTOTYPES = YES;
				CLANG_WARN_SUSPICIOUS_MOVE = YES;
				CLANG_WARN_UNGUARDED_AVAILABILITY = YES_AGGRESSIVE;
				CLANG_WARN_UNREACHABLE_CODE = YES;
				CLANG_WARN__DUPLICATE_METHOD_MATCH = YES;
				CODE_SIGN_IDENTITY = "iPhone Developer";
				COPY_PHASE_STRIP = NO;
				DEBUG_INFORMATION_FORMAT = dwarf;
				ENABLE_STRICT_OBJC_MSGSEND = YES;
				ENABLE_TESTABILITY = YES;
				GCC_C_LANGUAGE_STANDARD = gnu11;
				GCC_DYNAMIC_NO_PIC = NO;
				GCC_NO_COMMON_BLOCKS = YES;
				GCC_OPTIMIZATION_LEVEL = 0;
				GCC_PREPROCESSOR_DEFINITIONS = (
					"DEBUG=1",
					"$(inherited)",
				);
				GCC_WARN_64_TO_32_BIT_CONVERSION = YES;
				GCC_WARN_ABOUT_RETURN_TYPE = YES_ERROR;
				GCC_WARN_UNDECLARED_SELECTOR = YES;
				GCC_WARN_UNINITIALIZED_AUTOS = YES_AGGRESSIVE;
				GCC_WARN_UNUSED_FUNCTION = YES;
				GCC_WARN_UNUSED_VARIABLE = YES;
				IPHONEOS_DEPLOYMENT_TARGET = 11.2;
				MTL_ENABLE_DEBUG_INFO = YES;
				ONLY_ACTIVE_ARCH = YES;
				SDKROOT = iphoneos;
				SWIFT_ACTIVE_COMPILATION_CONDITIONS = DEBUG;
				SWIFT_OPTIMIZATION_LEVEL = "-Onone";
			};
			name = Debug;
		};
		20EBF7C82258D08D00700E0B /* Release */ = {
			isa = XCBuildConfiguration;
			buildSettings = {
				ALWAYS_SEARCH_USER_PATHS = NO;
				CLANG_ANALYZER_NONNULL = YES;
				CLANG_ANALYZER_NUMBER_OBJECT_CONVERSION = YES_AGGRESSIVE;
				CLANG_CXX_LANGUAGE_STANDARD = "gnu++14";
				CLANG_CXX_LIBRARY = "libc++";
				CLANG_ENABLE_MODULES = YES;
				CLANG_ENABLE_OBJC_ARC = YES;
				CLANG_WARN_BLOCK_CAPTURE_AUTORELEASING = YES;
				CLANG_WARN_BOOL_CONVERSION = YES;
				CLANG_WARN_COMMA = YES;
				CLANG_WARN_CONSTANT_CONVERSION = YES;
				CLANG_WARN_DIRECT_OBJC_ISA_USAGE = YES_ERROR;
				CLANG_WARN_DOCUMENTATION_COMMENTS = YES;
				CLANG_WARN_EMPTY_BODY = YES;
				CLANG_WARN_ENUM_CONVERSION = YES;
				CLANG_WARN_INFINITE_RECURSION = YES;
				CLANG_WARN_INT_CONVERSION = YES;
				CLANG_WARN_NON_LITERAL_NULL_CONVERSION = YES;
				CLANG_WARN_OBJC_LITERAL_CONVERSION = YES;
				CLANG_WARN_OBJC_ROOT_CLASS = YES_ERROR;
				CLANG_WARN_RANGE_LOOP_ANALYSIS = YES;
				CLANG_WARN_STRICT_PROTOTYPES = YES;
				CLANG_WARN_SUSPICIOUS_MOVE = YES;
				CLANG_WARN_UNGUARDED_AVAILABILITY = YES_AGGRESSIVE;
				CLANG_WARN_UNREACHABLE_CODE = YES;
				CLANG_WARN__DUPLICATE_METHOD_MATCH = YES;
				CODE_SIGN_IDENTITY = "iPhone Developer";
				COPY_PHASE_STRIP = NO;
				DEBUG_INFORMATION_FORMAT = "dwarf-with-dsym";
				ENABLE_NS_ASSERTIONS = NO;
				ENABLE_STRICT_OBJC_MSGSEND = YES;
				GCC_C_LANGUAGE_STANDARD = gnu11;
				GCC_NO_COMMON_BLOCKS = YES;
				GCC_WARN_64_TO_32_BIT_CONVERSION = YES;
				GCC_WARN_ABOUT_RETURN_TYPE = YES_ERROR;
				GCC_WARN_UNDECLARED_SELECTOR = YES;
				GCC_WARN_UNINITIALIZED_AUTOS = YES_AGGRESSIVE;
				GCC_WARN_UNUSED_FUNCTION = YES;
				GCC_WARN_UNUSED_VARIABLE = YES;
				IPHONEOS_DEPLOYMENT_TARGET = 11.2;
				MTL_ENABLE_DEBUG_INFO = NO;
				SDKROOT = iphoneos;
				SWIFT_OPTIMIZATION_LEVEL = "-Owholemodule";
				VALIDATE_PRODUCT = YES;
			};
			name = Release;
		};
		20EBF7CA2258D08D00700E0B /* Debug */ = {
			isa = XCBuildConfiguration;
			buildSettings = {
				ASSETCATALOG_COMPILER_APPICON_NAME = AppIcon;
				CODE_SIGN_STYLE = Automatic;
				INFOPLIST_FILE = Rush00/Info.plist;
				LD_RUNPATH_SEARCH_PATHS = "$(inherited) @executable_path/Frameworks";
				PRODUCT_BUNDLE_IDENTIFIER = "com.anastasiia-veremiichyk.Rush00";
				PRODUCT_NAME = "$(TARGET_NAME)";
				SWIFT_VERSION = 4.0;
				TARGETED_DEVICE_FAMILY = "1,2";
			};
			name = Debug;
		};
		20EBF7CB2258D08D00700E0B /* Release */ = {
			isa = XCBuildConfiguration;
			buildSettings = {
				ASSETCATALOG_COMPILER_APPICON_NAME = AppIcon;
				CODE_SIGN_STYLE = Automatic;
				INFOPLIST_FILE = Rush00/Info.plist;
				LD_RUNPATH_SEARCH_PATHS = "$(inherited) @executable_path/Frameworks";
				PRODUCT_BUNDLE_IDENTIFIER = "com.anastasiia-veremiichyk.Rush00";
				PRODUCT_NAME = "$(TARGET_NAME)";
				SWIFT_VERSION = 4.0;
				TARGETED_DEVICE_FAMILY = "1,2";
			};
			name = Release;
		};
/* End XCBuildConfiguration section */

/* Begin XCConfigurationList section */
		20EBF7B22258D08D00700E0B /* Build configuration list for PBXProject "Rush00" */ = {
			isa = XCConfigurationList;
			buildConfigurations = (
				20EBF7C72258D08D00700E0B /* Debug */,
				20EBF7C82258D08D00700E0B /* Release */,
			);
			defaultConfigurationIsVisible = 0;
			defaultConfigurationName = Release;
		};
		20EBF7C92258D08D00700E0B /* Build configuration list for PBXNativeTarget "Rush00" */ = {
			isa = XCConfigurationList;
			buildConfigurations = (
				20EBF7CA2258D08D00700E0B /* Debug */,
				20EBF7CB2258D08D00700E0B /* Release */,
			);
			defaultConfigurationIsVisible = 0;
			defaultConfigurationName = Release;
		};
/* End XCConfigurationList section */
	};
	rootObject = 20EBF7AF2258D08D00700E0B /* Project object */;
}
